// !$*UTF8*$!
{
	archiveVersion = 1;
	classes = {
	};
	objectVersion = 46;
	objects = {

/* Begin PBXBuildFile section */
		30F7405A25681504188A6499 /* Pods_ImgurLight.framework in Frameworks */ = {isa = PBXBuildFile; fileRef = 0A1684CB44F043DAB1939592 /* Pods_ImgurLight.framework */; };
		4B04B4331CF630090023B895 /* ImgurAPI.swift in Sources */ = {isa = PBXBuildFile; fileRef = 4B04B4321CF630090023B895 /* ImgurAPI.swift */; };
		4B04B4351CF75C130023B895 /* ImgurImage.swift in Sources */ = {isa = PBXBuildFile; fileRef = 4B04B4341CF75C130023B895 /* ImgurImage.swift */; };
		4B35C7B01CB956250034C895 /* SearchViewController.swift in Sources */ = {isa = PBXBuildFile; fileRef = 4B35C7AF1CB956250034C895 /* SearchViewController.swift */; };
		4B4ABF681CB932CE00E34E5D /* ImageInfoViewController.swift in Sources */ = {isa = PBXBuildFile; fileRef = 4B4ABF671CB932CE00E34E5D /* ImageInfoViewController.swift */; };
		4B8300E41CCE8CEA0059F43C /* TestViewController.swift in Sources */ = {isa = PBXBuildFile; fileRef = 4B8300E31CCE8CEA0059F43C /* TestViewController.swift */; };
		4BB5A6EC1CFDAA9500049B1F /* ImgurImageData.swift in Sources */ = {isa = PBXBuildFile; fileRef = 4BB5A6EB1CFDAA9500049B1F /* ImgurImageData.swift */; };
		4BF7C4261CB007FF002623C4 /* AppDelegate.swift in Sources */ = {isa = PBXBuildFile; fileRef = 4BF7C4251CB007FF002623C4 /* AppDelegate.swift */; };
		4BF7C42D1CB007FF002623C4 /* Main.storyboard in Resources */ = {isa = PBXBuildFile; fileRef = 4BF7C42B1CB007FF002623C4 /* Main.storyboard */; };
		4BF7C42F1CB007FF002623C4 /* Assets.xcassets in Resources */ = {isa = PBXBuildFile; fileRef = 4BF7C42E1CB007FF002623C4 /* Assets.xcassets */; };
		4BF7C4321CB007FF002623C4 /* LaunchScreen.storyboard in Resources */ = {isa = PBXBuildFile; fileRef = 4BF7C4301CB007FF002623C4 /* LaunchScreen.storyboard */; };
		4BF7C43A1CB00D08002623C4 /* CollectionViewController.swift in Sources */ = {isa = PBXBuildFile; fileRef = 4BF7C4391CB00D08002623C4 /* CollectionViewController.swift */; };
		4BF7C43C1CB00E21002623C4 /* ImageCell.swift in Sources */ = {isa = PBXBuildFile; fileRef = 4BF7C43B1CB00E21002623C4 /* ImageCell.swift */; };
/* End PBXBuildFile section */

/* Begin PBXFileReference section */
		0A1684CB44F043DAB1939592 /* Pods_ImgurLight.framework */ = {isa = PBXFileReference; explicitFileType = wrapper.framework; includeInIndex = 0; path = Pods_ImgurLight.framework; sourceTree = BUILT_PRODUCTS_DIR; };
		4326F71CB309763C931DF435 /* Pods-ImgurLight.debug.xcconfig */ = {isa = PBXFileReference; includeInIndex = 1; lastKnownFileType = text.xcconfig; name = "Pods-ImgurLight.debug.xcconfig"; path = "Pods/Target Support Files/Pods-ImgurLight/Pods-ImgurLight.debug.xcconfig"; sourceTree = "<group>"; };
		4B04B4321CF630090023B895 /* ImgurAPI.swift */ = {isa = PBXFileReference; fileEncoding = 4; lastKnownFileType = sourcecode.swift; path = ImgurAPI.swift; sourceTree = "<group>"; };
		4B04B4341CF75C130023B895 /* ImgurImage.swift */ = {isa = PBXFileReference; fileEncoding = 4; lastKnownFileType = sourcecode.swift; path = ImgurImage.swift; sourceTree = "<group>"; };
		4B35C7AF1CB956250034C895 /* SearchViewController.swift */ = {isa = PBXFileReference; fileEncoding = 4; lastKnownFileType = sourcecode.swift; path = SearchViewController.swift; sourceTree = "<group>"; };
		4B4ABF671CB932CE00E34E5D /* ImageInfoViewController.swift */ = {isa = PBXFileReference; fileEncoding = 4; lastKnownFileType = sourcecode.swift; path = ImageInfoViewController.swift; sourceTree = "<group>"; };
		4B8300E31CCE8CEA0059F43C /* TestViewController.swift */ = {isa = PBXFileReference; fileEncoding = 4; lastKnownFileType = sourcecode.swift; path = TestViewController.swift; sourceTree = "<group>"; };
		4BB5A6EB1CFDAA9500049B1F /* ImgurImageData.swift */ = {isa = PBXFileReference; fileEncoding = 4; lastKnownFileType = sourcecode.swift; path = ImgurImageData.swift; sourceTree = "<group>"; };
		4BF7C4221CB007FF002623C4 /* ImgurLight.app */ = {isa = PBXFileReference; explicitFileType = wrapper.application; includeInIndex = 0; path = ImgurLight.app; sourceTree = BUILT_PRODUCTS_DIR; };
		4BF7C4251CB007FF002623C4 /* AppDelegate.swift */ = {isa = PBXFileReference; lastKnownFileType = sourcecode.swift; path = AppDelegate.swift; sourceTree = "<group>"; };
		4BF7C42C1CB007FF002623C4 /* Base */ = {isa = PBXFileReference; lastKnownFileType = file.storyboard; name = Base; path = Base.lproj/Main.storyboard; sourceTree = "<group>"; };
		4BF7C42E1CB007FF002623C4 /* Assets.xcassets */ = {isa = PBXFileReference; lastKnownFileType = folder.assetcatalog; path = Assets.xcassets; sourceTree = "<group>"; };
		4BF7C4311CB007FF002623C4 /* Base */ = {isa = PBXFileReference; lastKnownFileType = file.storyboard; name = Base; path = Base.lproj/LaunchScreen.storyboard; sourceTree = "<group>"; };
		4BF7C4331CB007FF002623C4 /* Info.plist */ = {isa = PBXFileReference; lastKnownFileType = text.plist.xml; path = Info.plist; sourceTree = "<group>"; };
		4BF7C4391CB00D08002623C4 /* CollectionViewController.swift */ = {isa = PBXFileReference; fileEncoding = 4; lastKnownFileType = sourcecode.swift; path = CollectionViewController.swift; sourceTree = "<group>"; };
		4BF7C43B1CB00E21002623C4 /* ImageCell.swift */ = {isa = PBXFileReference; fileEncoding = 4; lastKnownFileType = sourcecode.swift; path = ImageCell.swift; sourceTree = "<group>"; };
		7726892BB2593CD1911E47BC /* Pods-ImgurLight.release.xcconfig */ = {isa = PBXFileReference; includeInIndex = 1; lastKnownFileType = text.xcconfig; name = "Pods-ImgurLight.release.xcconfig"; path = "Pods/Target Support Files/Pods-ImgurLight/Pods-ImgurLight.release.xcconfig"; sourceTree = "<group>"; };
/* End PBXFileReference section */

/* Begin PBXFrameworksBuildPhase section */
		4BF7C41F1CB007FF002623C4 /* Frameworks */ = {
			isa = PBXFrameworksBuildPhase;
			buildActionMask = 2147483647;
			files = (
				30F7405A25681504188A6499 /* Pods_ImgurLight.framework in Frameworks */,
			);
			runOnlyForDeploymentPostprocessing = 0;
		};
/* End PBXFrameworksBuildPhase section */

/* Begin PBXGroup section */
		4BF7C4191CB007FF002623C4 = {
			isa = PBXGroup;
			children = (
				4BF7C4241CB007FF002623C4 /* ImgurLight */,
				4BF7C4231CB007FF002623C4 /* Products */,
				D425835E048B437AD5DF5EBD /* Pods */,
				71EAAAFBB62FADBE6766F693 /* Frameworks */,
			);
			sourceTree = "<group>";
		};
		4BF7C4231CB007FF002623C4 /* Products */ = {
			isa = PBXGroup;
			children = (
				4BF7C4221CB007FF002623C4 /* ImgurLight.app */,
			);
			name = Products;
			sourceTree = "<group>";
		};
		4BF7C4241CB007FF002623C4 /* ImgurLight */ = {
			isa = PBXGroup;
			children = (
				4BF7C4251CB007FF002623C4 /* AppDelegate.swift */,
				4BF7C4391CB00D08002623C4 /* CollectionViewController.swift */,
				4B35C7AF1CB956250034C895 /* SearchViewController.swift */,
				4B4ABF671CB932CE00E34E5D /* ImageInfoViewController.swift */,
				4BF7C43B1CB00E21002623C4 /* ImageCell.swift */,
				4BF7C42B1CB007FF002623C4 /* Main.storyboard */,
				4B8300E31CCE8CEA0059F43C /* TestViewController.swift */,
				4BF7C42E1CB007FF002623C4 /* Assets.xcassets */,
				4BF7C4301CB007FF002623C4 /* LaunchScreen.storyboard */,
				4BF7C4331CB007FF002623C4 /* Info.plist */,
				4B04B4321CF630090023B895 /* ImgurAPI.swift */,
				4B04B4341CF75C130023B895 /* ImgurImage.swift */,
				4BB5A6EB1CFDAA9500049B1F /* ImgurImageData.swift */,
			);
			path = ImgurLight;
			sourceTree = "<group>";
		};
		71EAAAFBB62FADBE6766F693 /* Frameworks */ = {
			isa = PBXGroup;
			children = (
				0A1684CB44F043DAB1939592 /* Pods_ImgurLight.framework */,
			);
			name = Frameworks;
			sourceTree = "<group>";
		};
		D425835E048B437AD5DF5EBD /* Pods */ = {
			isa = PBXGroup;
			children = (
				4326F71CB309763C931DF435 /* Pods-ImgurLight.debug.xcconfig */,
				7726892BB2593CD1911E47BC /* Pods-ImgurLight.release.xcconfig */,
			);
			name = Pods;
			sourceTree = "<group>";
		};
/* End PBXGroup section */

/* Begin PBXNativeTarget section */
		4BF7C4211CB007FF002623C4 /* ImgurLight */ = {
			isa = PBXNativeTarget;
			buildConfigurationList = 4BF7C4361CB007FF002623C4 /* Build configuration list for PBXNativeTarget "ImgurLight" */;
			buildPhases = (
				A43BB50352BE29FCCE6B432F /* 📦 Check Pods Manifest.lock */,
				4BF7C41E1CB007FF002623C4 /* Sources */,
				4BF7C41F1CB007FF002623C4 /* Frameworks */,
				4BF7C4201CB007FF002623C4 /* Resources */,
				B340409EAAB8C0428C0F7896 /* 📦 Embed Pods Frameworks */,
				592D997DB219B473A22D6412 /* 📦 Copy Pods Resources */,
			);
			buildRules = (
			);
			dependencies = (
			);
			name = ImgurLight;
			productName = ImgurLight;
			productReference = 4BF7C4221CB007FF002623C4 /* ImgurLight.app */;
			productType = "com.apple.product-type.application";
		};
/* End PBXNativeTarget section */

/* Begin PBXProject section */
		4BF7C41A1CB007FF002623C4 /* Project object */ = {
			isa = PBXProject;
			attributes = {
				LastSwiftUpdateCheck = 0730;
				LastUpgradeCheck = 0730;
				ORGANIZATIONNAME = "Dennis Örnberg";
				TargetAttributes = {
					4BF7C4211CB007FF002623C4 = {
						CreatedOnToolsVersion = 7.3;
						DevelopmentTeam = T68H3YBU8H;
					};
				};
			};
			buildConfigurationList = 4BF7C41D1CB007FF002623C4 /* Build configuration list for PBXProject "ImgurLight" */;
			compatibilityVersion = "Xcode 3.2";
			developmentRegion = English;
			hasScannedForEncodings = 0;
			knownRegions = (
				en,
				Base,
			);
			mainGroup = 4BF7C4191CB007FF002623C4;
			productRefGroup = 4BF7C4231CB007FF002623C4 /* Products */;
			projectDirPath = "";
			projectRoot = "";
			targets = (
				4BF7C4211CB007FF002623C4 /* ImgurLight */,
			);
		};
/* End PBXProject section */

/* Begin PBXResourcesBuildPhase section */
		4BF7C4201CB007FF002623C4 /* Resources */ = {
			isa = PBXResourcesBuildPhase;
			buildActionMask = 2147483647;
			files = (
				4BF7C4321CB007FF002623C4 /* LaunchScreen.storyboard in Resources */,
				4BF7C42F1CB007FF002623C4 /* Assets.xcassets in Resources */,
				4BF7C42D1CB007FF002623C4 /* Main.storyboard in Resources */,
			);
			runOnlyForDeploymentPostprocessing = 0;
		};
/* End PBXResourcesBuildPhase section */

/* Begin PBXShellScriptBuildPhase section */
		592D997DB219B473A22D6412 /* 📦 Copy Pods Resources */ = {
			isa = PBXShellScriptBuildPhase;
			buildActionMask = 2147483647;
			files = (
			);
			inputPaths = (
			);
			name = "📦 Copy Pods Resources";
			outputPaths = (
			);
			runOnlyForDeploymentPostprocessing = 0;
			shellPath = /bin/sh;
			shellScript = "\"${SRCROOT}/Pods/Target Support Files/Pods-ImgurLight/Pods-ImgurLight-resources.sh\"\n";
			showEnvVarsInLog = 0;
		};
		A43BB50352BE29FCCE6B432F /* 📦 Check Pods Manifest.lock */ = {
			isa = PBXShellScriptBuildPhase;
			buildActionMask = 2147483647;
			files = (
			);
			inputPaths = (
			);
			name = "📦 Check Pods Manifest.lock";
			outputPaths = (
			);
			runOnlyForDeploymentPostprocessing = 0;
			shellPath = /bin/sh;
			shellScript = "diff \"${PODS_ROOT}/../Podfile.lock\" \"${PODS_ROOT}/Manifest.lock\" > /dev/null\nif [[ $? != 0 ]] ; then\n    cat << EOM\nerror: The sandbox is not in sync with the Podfile.lock. Run 'pod install' or update your CocoaPods installation.\nEOM\n    exit 1\nfi\n";
			showEnvVarsInLog = 0;
		};
		B340409EAAB8C0428C0F7896 /* 📦 Embed Pods Frameworks */ = {
			isa = PBXShellScriptBuildPhase;
			buildActionMask = 2147483647;
			files = (
			);
			inputPaths = (
			);
			name = "📦 Embed Pods Frameworks";
			outputPaths = (
			);
			runOnlyForDeploymentPostprocessing = 0;
			shellPath = /bin/sh;
			shellScript = "\"${SRCROOT}/Pods/Target Support Files/Pods-ImgurLight/Pods-ImgurLight-frameworks.sh\"\n";
			showEnvVarsInLog = 0;
		};
/* End PBXShellScriptBuildPhase section */

/* Begin PBXSourcesBuildPhase section */
		4BF7C41E1CB007FF002623C4 /* Sources */ = {
			isa = PBXSourcesBuildPhase;
			buildActionMask = 2147483647;
			files = (
				4B35C7B01CB956250034C895 /* SearchViewController.swift in Sources */,
				4B4ABF681CB932CE00E34E5D /* ImageInfoViewController.swift in Sources */,
				4B04B4351CF75C130023B895 /* ImgurImage.swift in Sources */,
				4BB5A6EC1CFDAA9500049B1F /* ImgurImageData.swift in Sources */,
				4BF7C43A1CB00D08002623C4 /* CollectionViewController.swift in Sources */,
				4B04B4331CF630090023B895 /* ImgurAPI.swift in Sources */,
				4BF7C4261CB007FF002623C4 /* AppDelegate.swift in Sources */,
				4B8300E41CCE8CEA0059F43C /* TestViewController.swift in Sources */,
				4BF7C43C1CB00E21002623C4 /* ImageCell.swift in Sources */,
			);
			runOnlyForDeploymentPostprocessing = 0;
		};
/* End PBXSourcesBuildPhase section */

/* Begin PBXVariantGroup section */
		4BF7C42B1CB007FF002623C4 /* Main.storyboard */ = {
			isa = PBXVariantGroup;
			children = (
				4BF7C42C1CB007FF002623C4 /* Base */,
			);
			name = Main.storyboard;
			sourceTree = "<group>";
		};
		4BF7C4301CB007FF002623C4 /* LaunchScreen.storyboard */ = {
			isa = PBXVariantGroup;
			children = (
				4BF7C4311CB007FF002623C4 /* Base */,
			);
			name = LaunchScreen.storyboard;
			sourceTree = "<group>";
		};
/* End PBXVariantGroup section */

/* Begin XCBuildConfiguration section */
		4BF7C4341CB007FF002623C4 /* Debug */ = {
			isa = XCBuildConfiguration;
			buildSettings = {
				ALWAYS_SEARCH_USER_PATHS = NO;
				CLANG_ANALYZER_NONNULL = YES;
				CLANG_CXX_LANGUAGE_STANDARD = "gnu++0x";
				CLANG_CXX_LIBRARY = "libc++";
				CLANG_ENABLE_MODULES = YES;
				CLANG_ENABLE_OBJC_ARC = YES;
				CLANG_WARN_BOOL_CONVERSION = YES;
				CLANG_WARN_CONSTANT_CONVERSION = YES;
				CLANG_WARN_DIRECT_OBJC_ISA_USAGE = YES_ERROR;
				CLANG_WARN_EMPTY_BODY = YES;
				CLANG_WARN_ENUM_CONVERSION = YES;
				CLANG_WARN_INT_CONVERSION = YES;
				CLANG_WARN_OBJC_ROOT_CLASS = YES_ERROR;
				CLANG_WARN_UNREACHABLE_CODE = YES;
				CLANG_WARN__DUPLICATE_METHOD_MATCH = YES;
				"CODE_SIGN_IDENTITY[sdk=iphoneos*]" = "iPhone Developer";
				COPY_PHASE_STRIP = NO;
				DEBUG_INFORMATION_FORMAT = dwarf;
				ENABLE_STRICT_OBJC_MSGSEND = YES;
				ENABLE_TESTABILITY = YES;
				GCC_C_LANGUAGE_STANDARD = gnu99;
				GCC_DYNAMIC_NO_PIC = NO;
				GCC_NO_COMMON_BLOCKS = YES;
				GCC_OPTIMIZATION_LEVEL = 0;
				GCC_PREPROCESSOR_DEFINITIONS = (
					"DEBUG=1",
					"$(inherited)",
				);
				GCC_WARN_64_TO_32_BIT_CONVERSION = YES;
				GCC_WARN_ABOUT_RETURN_TYPE = YES_ERROR;
				GCC_WARN_UNDECLARED_SELECTOR = YES;
				GCC_WARN_UNINITIALIZED_AUTOS = YES_AGGRESSIVE;
				GCC_WARN_UNUSED_FUNCTION = YES;
				GCC_WARN_UNUSED_VARIABLE = YES;
				IPHONEOS_DEPLOYMENT_TARGET = 9.3;
				MTL_ENABLE_DEBUG_INFO = YES;
				ONLY_ACTIVE_ARCH = YES;
				SDKROOT = iphoneos;
				SWIFT_OPTIMIZATION_LEVEL = "-Onone";
				TARGETED_DEVICE_FAMILY = "1,2";
			};
			name = Debug;
		};
		4BF7C4351CB007FF002623C4 /* Release */ = {
			isa = XCBuildConfiguration;
			buildSettings = {
				ALWAYS_SEARCH_USER_PATHS = NO;
				CLANG_ANALYZER_NONNULL = YES;
				CLANG_CXX_LANGUAGE_STANDARD = "gnu++0x";
				CLANG_CXX_LIBRARY = "libc++";
				CLANG_ENABLE_MODULES = YES;
				CLANG_ENABLE_OBJC_ARC = YES;
				CLANG_WARN_BOOL_CONVERSION = YES;
				CLANG_WARN_CONSTANT_CONVERSION = YES;
				CLANG_WARN_DIRECT_OBJC_ISA_USAGE = YES_ERROR;
				CLANG_WARN_EMPTY_BODY = YES;
				CLANG_WARN_ENUM_CONVERSION = YES;
				CLANG_WARN_INT_CONVERSION = YES;
				CLANG_WARN_OBJC_ROOT_CLASS = YES_ERROR;
				CLANG_WARN_UNREACHABLE_CODE = YES;
				CLANG_WARN__DUPLICATE_METHOD_MATCH = YES;
				"CODE_SIGN_IDENTITY[sdk=iphoneos*]" = "iPhone Developer";
				COPY_PHASE_STRIP = NO;
				DEBUG_INFORMATION_FORMAT = "dwarf-with-dsym";
				ENABLE_NS_ASSERTIONS = NO;
				ENABLE_STRICT_OBJC_MSGSEND = YES;
				GCC_C_LANGUAGE_STANDARD = gnu99;
				GCC_NO_COMMON_BLOCKS = YES;
				GCC_WARN_64_TO_32_BIT_CONVERSION = YES;
				GCC_WARN_ABOUT_RETURN_TYPE = YES_ERROR;
				GCC_WARN_UNDECLARED_SELECTOR = YES;
				GCC_WARN_UNINITIALIZED_AUTOS = YES_AGGRESSIVE;
				GCC_WARN_UNUSED_FUNCTION = YES;
				GCC_WARN_UNUSED_VARIABLE = YES;
				IPHONEOS_DEPLOYMENT_TARGET = 9.3;
				MTL_ENABLE_DEBUG_INFO = NO;
				SDKROOT = iphoneos;
				TARGETED_DEVICE_FAMILY = "1,2";
				VALIDATE_PRODUCT = YES;
			};
			name = Release;
		};
		4BF7C4371CB007FF002623C4 /* Debug */ = {
			isa = XCBuildConfiguration;
			baseConfigurationReference = 4326F71CB309763C931DF435 /* Pods-ImgurLight.debug.xcconfig */;
			buildSettings = {
				ASSETCATALOG_COMPILER_APPICON_NAME = AppIcon;
				INFOPLIST_FILE = ImgurLight/Info.plist;
				LD_RUNPATH_SEARCH_PATHS = "$(inherited) @executable_path/Frameworks";
				PRODUCT_BUNDLE_IDENTIFIER = com.soegd.ImgurLight;
				PRODUCT_NAME = "$(TARGET_NAME)";
			};
			name = Debug;
		};
		4BF7C4381CB007FF002623C4 /* Release */ = {
			isa = XCBuildConfiguration;
			baseConfigurationReference = 7726892BB2593CD1911E47BC /* Pods-ImgurLight.release.xcconfig */;
			buildSettings = {
				ASSETCATALOG_COMPILER_APPICON_NAME = AppIcon;
				INFOPLIST_FILE = ImgurLight/Info.plist;
				LD_RUNPATH_SEARCH_PATHS = "$(inherited) @executable_path/Frameworks";
				PRODUCT_BUNDLE_IDENTIFIER = com.soegd.ImgurLight;
				PRODUCT_NAME = "$(TARGET_NAME)";
			};
			name = Release;
		};
/* End XCBuildConfiguration section */

/* Begin XCConfigurationList section */
		4BF7C41D1CB007FF002623C4 /* Build configuration list for PBXProject "ImgurLight" */ = {
			isa = XCConfigurationList;
			buildConfigurations = (
				4BF7C4341CB007FF002623C4 /* Debug */,
				4BF7C4351CB007FF002623C4 /* Release */,
			);
			defaultConfigurationIsVisible = 0;
			defaultConfigurationName = Release;
		};
		4BF7C4361CB007FF002623C4 /* Build configuration list for PBXNativeTarget "ImgurLight" */ = {
			isa = XCConfigurationList;
			buildConfigurations = (
				4BF7C4371CB007FF002623C4 /* Debug */,
				4BF7C4381CB007FF002623C4 /* Release */,
			);
			defaultConfigurationIsVisible = 0;
			defaultConfigurationName = Release;
		};
/* End XCConfigurationList section */
	};
	rootObject = 4BF7C41A1CB007FF002623C4 /* Project object */;
}
